{
    "_meta": {
        "hash": {
            "sha256": "efcc46c7b619839dac150aa2d91e60738f9afd6166b1e191a6c343367b63e5bd"
        },
        "pipfile-spec": 6,
        "requires": {
            "python_version": "3.6"
        },
        "sources": [
            {
                "name": "pypi",
                "url": "https://pypi.org/simple",
                "verify_ssl": true
            }
        ]
    },
    "default": {
        "e1839a8": {
            "path": "."
        }
    },
    "develop": {}
}
